
Microsoft Visual Studio Solution File, Format Version 12.00
# Visual Studio Version 16
VisualStudioVersion = 16.0.29728.190
MinimumVisualStudioVersion = 10.0.40219.1
Project("{FAE04EC0-301F-11D3-BF4B-00C04F79EFBC}") = "CA2-15-12-2020", "CA2-15-12-2020\CA2-15-12-2020.csproj", "{12081EF9-AC11-477B-8BB9-6EA6D31EA208}"
EndProject
Global
	GlobalSection(SolutionConfigurationPlatforms) = preSolution
		Debug|Any CPU = Debug|Any CPU
		Release|Any CPU = Release|Any CPU
	EndGlobalSection
	GlobalSection(ProjectConfigurationPlatforms) = postSolution
		{12081EF9-AC11-477B-8BB9-6EA6D31EA208}.Debug|Any CPU.ActiveCfg = Debug|Any CPU
		{12081EF9-AC11-477B-8BB9-6EA6D31EA208}.Debug|Any CPU.Build.0 = Debug|Any CPU
		{12081EF9-AC11-477B-8BB9-6EA6D31EA208}.Release|Any CPU.ActiveCfg = Release|Any CPU
		{12081EF9-AC11-477B-8BB9-6EA6D31EA208}.Release|Any CPU.Build.0 = Release|Any CPU
	EndGlobalSection
	GlobalSection(SolutionProperties) = preSolution
		HideSolutionNode = FALSE
	EndGlobalSection
	GlobalSection(ExtensibilityGlobals) = postSolution
		SolutionGuid = {54DE14F9-CEF3-4540-9B96-BB43CC09CF44}
	EndGlobalSection
EndGlobal
